// !$*UTF8*$!
{
	archiveVersion = 1;
	classes = {
	};
	objectVersion = 52;
	objects = {

/* Begin PBXBuildFile section */
		19FC0AEDC95D4B3A0D37D22B /* Pods_YeOrNay_YeOrNayUITests.framework in Frameworks */ = {isa = PBXBuildFile; fileRef = 46D7EBDB306B3EE52B027E19 /* Pods_YeOrNay_YeOrNayUITests.framework */; };
		3B479772FDD32FEC4F4EF1CA /* Pods_YeOrNay.framework in Frameworks */ = {isa = PBXBuildFile; fileRef = C7155B5FB431A598C6263448 /* Pods_YeOrNay.framework */; };
		670577A1265F46E200701A29 /* AppDelegate.swift in Sources */ = {isa = PBXBuildFile; fileRef = 670577A0265F46E200701A29 /* AppDelegate.swift */; };
		670577A3265F46E200701A29 /* SceneDelegate.swift in Sources */ = {isa = PBXBuildFile; fileRef = 670577A2265F46E200701A29 /* SceneDelegate.swift */; };
		670577A5265F46E200701A29 /* ViewController.swift in Sources */ = {isa = PBXBuildFile; fileRef = 670577A4265F46E200701A29 /* ViewController.swift */; };
		670577A8265F46E200701A29 /* Main.storyboard in Resources */ = {isa = PBXBuildFile; fileRef = 670577A6265F46E200701A29 /* Main.storyboard */; };
		670577AA265F46E400701A29 /* Assets.xcassets in Resources */ = {isa = PBXBuildFile; fileRef = 670577A9265F46E400701A29 /* Assets.xcassets */; };
		670577AD265F46E400701A29 /* LaunchScreen.storyboard in Resources */ = {isa = PBXBuildFile; fileRef = 670577AB265F46E400701A29 /* LaunchScreen.storyboard */; };
		670577B8265F46E400701A29 /* YeOrNayTests.swift in Sources */ = {isa = PBXBuildFile; fileRef = 670577B7265F46E400701A29 /* YeOrNayTests.swift */; };
		670577C3265F46E400701A29 /* YeOrNayUITests.swift in Sources */ = {isa = PBXBuildFile; fileRef = 670577C2265F46E400701A29 /* YeOrNayUITests.swift */; };
		671C5C46269FA32F0099455C /* GoogleService-Info.plist in Resources */ = {isa = PBXBuildFile; fileRef = 671C5C45269FA32F0099455C /* GoogleService-Info.plist */; };
		671F7E75266560FE00B7D4EE /* gameBoardVC.swift in Sources */ = {isa = PBXBuildFile; fileRef = 671F7E74266560FE00B7D4EE /* gameBoardVC.swift */; };
		671F7E7A2665632500B7D4EE /* Aquino-Demo.ttf in Resources */ = {isa = PBXBuildFile; fileRef = 671F7E792665632500B7D4EE /* Aquino-Demo.ttf */; };
		671F7E8026670F4500B7D4EE /* LoremSwiftum in Frameworks */ = {isa = PBXBuildFile; productRef = 671F7E7F26670F4500B7D4EE /* LoremSwiftum */; };
		6736769326892BB80098F7A3 /* yeBGVid.mp4 in Resources */ = {isa = PBXBuildFile; fileRef = 6736769226892BB80098F7A3 /* yeBGVid.mp4 */; };
		6760824C26A5049E001240C9 /* LeaderboardVC.swift in Sources */ = {isa = PBXBuildFile; fileRef = 6760824B26A5049E001240C9 /* LeaderboardVC.swift */; };
		6780CE2E269E477400F86319 /* Utilities.swift in Sources */ = {isa = PBXBuildFile; fileRef = 6780CE2D269E477400F86319 /* Utilities.swift */; };
		6780CE36269E478400F86319 /* Constants.swift in Sources */ = {isa = PBXBuildFile; fileRef = 6780CE35269E478400F86319 /* Constants.swift */; };
		6780CE3B269F8C1400F86319 /* artem.mp4 in Resources */ = {isa = PBXBuildFile; fileRef = 6780CE3A269F8C1400F86319 /* artem.mp4 */; };
		67A010AC268E72E400D02858 /* AccountViewController.swift in Sources */ = {isa = PBXBuildFile; fileRef = 67A010AB268E72E400D02858 /* AccountViewController.swift */; };
		67A010B8268E7AEF00D02858 /* AccountCreateViewController.swift in Sources */ = {isa = PBXBuildFile; fileRef = 67A010B7268E7AEF00D02858 /* AccountCreateViewController.swift */; };
		67A010BD268E7AFF00D02858 /* AccountLoginViewController.swift in Sources */ = {isa = PBXBuildFile; fileRef = 67A010BC268E7AFF00D02858 /* AccountLoginViewController.swift */; };
		67FF955326608E5C009175FA /* stretchMyHands.mp3 in Resources */ = {isa = PBXBuildFile; fileRef = 67FF955226608E5C009175FA /* stretchMyHands.mp3 */; };
		D6E99734FDE7E614F856585F /* Pods_YeOrNayTests.framework in Frameworks */ = {isa = PBXBuildFile; fileRef = 4B684887B16842F0ED84D968 /* Pods_YeOrNayTests.framework */; };
/* End PBXBuildFile section */

/* Begin PBXContainerItemProxy section */
		670577B4265F46E400701A29 /* PBXContainerItemProxy */ = {
			isa = PBXContainerItemProxy;
			containerPortal = 67057795265F46E200701A29 /* Project object */;
			proxyType = 1;
			remoteGlobalIDString = 6705779C265F46E200701A29;
			remoteInfo = YeOrNay;
		};
		670577BF265F46E400701A29 /* PBXContainerItemProxy */ = {
			isa = PBXContainerItemProxy;
			containerPortal = 67057795265F46E200701A29 /* Project object */;
			proxyType = 1;
			remoteGlobalIDString = 6705779C265F46E200701A29;
			remoteInfo = YeOrNay;
		};
/* End PBXContainerItemProxy section */

/* Begin PBXFileReference section */
		2DEA1C1F36AD7669F20DB3AA /* Pods-YeOrNay-YeOrNayUITests.debug.xcconfig */ = {isa = PBXFileReference; includeInIndex = 1; lastKnownFileType = text.xcconfig; name = "Pods-YeOrNay-YeOrNayUITests.debug.xcconfig"; path = "Target Support Files/Pods-YeOrNay-YeOrNayUITests/Pods-YeOrNay-YeOrNayUITests.debug.xcconfig"; sourceTree = "<group>"; };
		46D7EBDB306B3EE52B027E19 /* Pods_YeOrNay_YeOrNayUITests.framework */ = {isa = PBXFileReference; explicitFileType = wrapper.framework; includeInIndex = 0; path = Pods_YeOrNay_YeOrNayUITests.framework; sourceTree = BUILT_PRODUCTS_DIR; };
		4B684887B16842F0ED84D968 /* Pods_YeOrNayTests.framework */ = {isa = PBXFileReference; explicitFileType = wrapper.framework; includeInIndex = 0; path = Pods_YeOrNayTests.framework; sourceTree = BUILT_PRODUCTS_DIR; };
		4D4A4400FEF6D3D2A803CA16 /* Pods-YeOrNayTests.debug.xcconfig */ = {isa = PBXFileReference; includeInIndex = 1; lastKnownFileType = text.xcconfig; name = "Pods-YeOrNayTests.debug.xcconfig"; path = "Target Support Files/Pods-YeOrNayTests/Pods-YeOrNayTests.debug.xcconfig"; sourceTree = "<group>"; };
		6705779D265F46E200701A29 /* YeOrNay.app */ = {isa = PBXFileReference; explicitFileType = wrapper.application; includeInIndex = 0; path = YeOrNay.app; sourceTree = BUILT_PRODUCTS_DIR; };
		670577A0265F46E200701A29 /* AppDelegate.swift */ = {isa = PBXFileReference; lastKnownFileType = sourcecode.swift; path = AppDelegate.swift; sourceTree = "<group>"; };
		670577A2265F46E200701A29 /* SceneDelegate.swift */ = {isa = PBXFileReference; lastKnownFileType = sourcecode.swift; path = SceneDelegate.swift; sourceTree = "<group>"; };
		670577A4265F46E200701A29 /* ViewController.swift */ = {isa = PBXFileReference; lastKnownFileType = sourcecode.swift; path = ViewController.swift; sourceTree = "<group>"; };
		670577A7265F46E200701A29 /* Base */ = {isa = PBXFileReference; lastKnownFileType = file.storyboard; name = Base; path = Base.lproj/Main.storyboard; sourceTree = "<group>"; };
		670577A9265F46E400701A29 /* Assets.xcassets */ = {isa = PBXFileReference; lastKnownFileType = folder.assetcatalog; path = Assets.xcassets; sourceTree = "<group>"; };
		670577AC265F46E400701A29 /* Base */ = {isa = PBXFileReference; lastKnownFileType = file.storyboard; name = Base; path = Base.lproj/LaunchScreen.storyboard; sourceTree = "<group>"; };
		670577AE265F46E400701A29 /* Info.plist */ = {isa = PBXFileReference; lastKnownFileType = text.plist.xml; path = Info.plist; sourceTree = "<group>"; };
		670577B3265F46E400701A29 /* YeOrNayTests.xctest */ = {isa = PBXFileReference; explicitFileType = wrapper.cfbundle; includeInIndex = 0; path = YeOrNayTests.xctest; sourceTree = BUILT_PRODUCTS_DIR; };
		670577B7265F46E400701A29 /* YeOrNayTests.swift */ = {isa = PBXFileReference; lastKnownFileType = sourcecode.swift; path = YeOrNayTests.swift; sourceTree = "<group>"; };
		670577B9265F46E400701A29 /* Info.plist */ = {isa = PBXFileReference; lastKnownFileType = text.plist.xml; path = Info.plist; sourceTree = "<group>"; };
		670577BE265F46E400701A29 /* YeOrNayUITests.xctest */ = {isa = PBXFileReference; explicitFileType = wrapper.cfbundle; includeInIndex = 0; path = YeOrNayUITests.xctest; sourceTree = BUILT_PRODUCTS_DIR; };
		670577C2265F46E400701A29 /* YeOrNayUITests.swift */ = {isa = PBXFileReference; lastKnownFileType = sourcecode.swift; path = YeOrNayUITests.swift; sourceTree = "<group>"; };
		670577C4265F46E400701A29 /* Info.plist */ = {isa = PBXFileReference; lastKnownFileType = text.plist.xml; path = Info.plist; sourceTree = "<group>"; };
		671C5C45269FA32F0099455C /* GoogleService-Info.plist */ = {isa = PBXFileReference; lastKnownFileType = text.plist; path = "GoogleService-Info.plist"; sourceTree = SOURCE_ROOT; };
		671F7E74266560FE00B7D4EE /* gameBoardVC.swift */ = {isa = PBXFileReference; lastKnownFileType = sourcecode.swift; path = gameBoardVC.swift; sourceTree = "<group>"; };
		671F7E792665632500B7D4EE /* Aquino-Demo.ttf */ = {isa = PBXFileReference; lastKnownFileType = file; path = "Aquino-Demo.ttf"; sourceTree = "<group>"; };
		6736769226892BB80098F7A3 /* yeBGVid.mp4 */ = {isa = PBXFileReference; lastKnownFileType = file; path = yeBGVid.mp4; sourceTree = "<group>"; };
		6760824B26A5049E001240C9 /* LeaderboardVC.swift */ = {isa = PBXFileReference; lastKnownFileType = sourcecode.swift; path = LeaderboardVC.swift; sourceTree = "<group>"; };
		6780CE2D269E477400F86319 /* Utilities.swift */ = {isa = PBXFileReference; fileEncoding = 4; lastKnownFileType = sourcecode.swift; name = Utilities.swift; path = ../../CustomLoginDemo/CustomLoginDemo/Helpers/Utilities.swift; sourceTree = "<group>"; };
		6780CE35269E478400F86319 /* Constants.swift */ = {isa = PBXFileReference; fileEncoding = 4; lastKnownFileType = sourcecode.swift; path = Constants.swift; sourceTree = "<group>"; };
		6780CE3A269F8C1400F86319 /* artem.mp4 */ = {isa = PBXFileReference; lastKnownFileType = file; path = artem.mp4; sourceTree = "<group>"; };
		67A010AB268E72E400D02858 /* AccountViewController.swift */ = {isa = PBXFileReference; lastKnownFileType = sourcecode.swift; path = AccountViewController.swift; sourceTree = "<group>"; };
		67A010B7268E7AEF00D02858 /* AccountCreateViewController.swift */ = {isa = PBXFileReference; lastKnownFileType = sourcecode.swift; path = AccountCreateViewController.swift; sourceTree = "<group>"; };
		67A010BC268E7AFF00D02858 /* AccountLoginViewController.swift */ = {isa = PBXFileReference; lastKnownFileType = sourcecode.swift; path = AccountLoginViewController.swift; sourceTree = "<group>"; };
		67FF955226608E5C009175FA /* stretchMyHands.mp3 */ = {isa = PBXFileReference; lastKnownFileType = audio.mp3; path = stretchMyHands.mp3; sourceTree = "<group>"; };
		7167D3E1A9FE85B0F0906E43 /* Pods-YeOrNay-YeOrNayUITests.release.xcconfig */ = {isa = PBXFileReference; includeInIndex = 1; lastKnownFileType = text.xcconfig; name = "Pods-YeOrNay-YeOrNayUITests.release.xcconfig"; path = "Target Support Files/Pods-YeOrNay-YeOrNayUITests/Pods-YeOrNay-YeOrNayUITests.release.xcconfig"; sourceTree = "<group>"; };
		792B3A585F71C84C822AB1EE /* Pods-YeOrNayTests.release.xcconfig */ = {isa = PBXFileReference; includeInIndex = 1; lastKnownFileType = text.xcconfig; name = "Pods-YeOrNayTests.release.xcconfig"; path = "Target Support Files/Pods-YeOrNayTests/Pods-YeOrNayTests.release.xcconfig"; sourceTree = "<group>"; };
		8C0491A4CD73B762DB6BE0E8 /* Pods-YeOrNay.debug.xcconfig */ = {isa = PBXFileReference; includeInIndex = 1; lastKnownFileType = text.xcconfig; name = "Pods-YeOrNay.debug.xcconfig"; path = "Target Support Files/Pods-YeOrNay/Pods-YeOrNay.debug.xcconfig"; sourceTree = "<group>"; };
		A48DAEDE91DA1809BB50FD53 /* Pods-YeOrNay.release.xcconfig */ = {isa = PBXFileReference; includeInIndex = 1; lastKnownFileType = text.xcconfig; name = "Pods-YeOrNay.release.xcconfig"; path = "Target Support Files/Pods-YeOrNay/Pods-YeOrNay.release.xcconfig"; sourceTree = "<group>"; };
		C7155B5FB431A598C6263448 /* Pods_YeOrNay.framework */ = {isa = PBXFileReference; explicitFileType = wrapper.framework; includeInIndex = 0; path = Pods_YeOrNay.framework; sourceTree = BUILT_PRODUCTS_DIR; };
/* End PBXFileReference section */

/* Begin PBXFrameworksBuildPhase section */
		6705779A265F46E200701A29 /* Frameworks */ = {
			isa = PBXFrameworksBuildPhase;
			buildActionMask = 2147483647;
			files = (
				671F7E8026670F4500B7D4EE /* LoremSwiftum in Frameworks */,
				3B479772FDD32FEC4F4EF1CA /* Pods_YeOrNay.framework in Frameworks */,
			);
			runOnlyForDeploymentPostprocessing = 0;
		};
		670577B0265F46E400701A29 /* Frameworks */ = {
			isa = PBXFrameworksBuildPhase;
			buildActionMask = 2147483647;
			files = (
				D6E99734FDE7E614F856585F /* Pods_YeOrNayTests.framework in Frameworks */,
			);
			runOnlyForDeploymentPostprocessing = 0;
		};
		670577BB265F46E400701A29 /* Frameworks */ = {
			isa = PBXFrameworksBuildPhase;
			buildActionMask = 2147483647;
			files = (
				19FC0AEDC95D4B3A0D37D22B /* Pods_YeOrNay_YeOrNayUITests.framework in Frameworks */,
			);
			runOnlyForDeploymentPostprocessing = 0;
		};
/* End PBXFrameworksBuildPhase section */

/* Begin PBXGroup section */
		4BB8CE3BEDF8173F1D79829F /* Frameworks */ = {
			isa = PBXGroup;
			children = (
				C7155B5FB431A598C6263448 /* Pods_YeOrNay.framework */,
				46D7EBDB306B3EE52B027E19 /* Pods_YeOrNay_YeOrNayUITests.framework */,
				4B684887B16842F0ED84D968 /* Pods_YeOrNayTests.framework */,
			);
			name = Frameworks;
			sourceTree = "<group>";
		};
		67057794265F46E200701A29 = {
			isa = PBXGroup;
			children = (
				6705779F265F46E200701A29 /* YeOrNay */,
				670577B6265F46E400701A29 /* YeOrNayTests */,
				670577C1265F46E400701A29 /* YeOrNayUITests */,
				6705779E265F46E200701A29 /* Products */,
				CD8BA9235F0C25E955FC19C6 /* Pods */,
				4BB8CE3BEDF8173F1D79829F /* Frameworks */,
			);
			sourceTree = "<group>";
		};
		6705779E265F46E200701A29 /* Products */ = {
			isa = PBXGroup;
			children = (
				6705779D265F46E200701A29 /* YeOrNay.app */,
				670577B3265F46E400701A29 /* YeOrNayTests.xctest */,
				670577BE265F46E400701A29 /* YeOrNayUITests.xctest */,
			);
			name = Products;
			sourceTree = "<group>";
		};
		6705779F265F46E200701A29 /* YeOrNay */ = {
			isa = PBXGroup;
			children = (
				67DB8DF62690F2CB004A66B4 /* Helpers */,
				67A010B0268E72EE00D02858 /* View Controllers */,
				6736769226892BB80098F7A3 /* yeBGVid.mp4 */,
				671F7E792665632500B7D4EE /* Aquino-Demo.ttf */,
				67FF955226608E5C009175FA /* stretchMyHands.mp3 */,
				670577A0265F46E200701A29 /* AppDelegate.swift */,
				670577A2265F46E200701A29 /* SceneDelegate.swift */,
				670577A6265F46E200701A29 /* Main.storyboard */,
				670577A9265F46E400701A29 /* Assets.xcassets */,
				6780CE3A269F8C1400F86319 /* artem.mp4 */,
				670577AB265F46E400701A29 /* LaunchScreen.storyboard */,
				670577AE265F46E400701A29 /* Info.plist */,
				671C5C45269FA32F0099455C /* GoogleService-Info.plist */,
			);
			path = YeOrNay;
			sourceTree = "<group>";
		};
		670577B6265F46E400701A29 /* YeOrNayTests */ = {
			isa = PBXGroup;
			children = (
				670577B7265F46E400701A29 /* YeOrNayTests.swift */,
				670577B9265F46E400701A29 /* Info.plist */,
			);
			path = YeOrNayTests;
			sourceTree = "<group>";
		};
		670577C1265F46E400701A29 /* YeOrNayUITests */ = {
			isa = PBXGroup;
			children = (
				670577C2265F46E400701A29 /* YeOrNayUITests.swift */,
				670577C4265F46E400701A29 /* Info.plist */,
			);
			path = YeOrNayUITests;
			sourceTree = "<group>";
		};
		67A010B0268E72EE00D02858 /* View Controllers */ = {
			isa = PBXGroup;
			children = (
				671F7E74266560FE00B7D4EE /* gameBoardVC.swift */,
				670577A4265F46E200701A29 /* ViewController.swift */,
				67A010AB268E72E400D02858 /* AccountViewController.swift */,
				67A010B7268E7AEF00D02858 /* AccountCreateViewController.swift */,
				67A010BC268E7AFF00D02858 /* AccountLoginViewController.swift */,
				6760824B26A5049E001240C9 /* LeaderboardVC.swift */,
			);
			path = "View Controllers";
			sourceTree = "<group>";
		};
		67DB8DF62690F2CB004A66B4 /* Helpers */ = {
			isa = PBXGroup;
			children = (
				6780CE2D269E477400F86319 /* Utilities.swift */,
				6780CE35269E478400F86319 /* Constants.swift */,
			);
			name = Helpers;
			sourceTree = "<group>";
		};
		CD8BA9235F0C25E955FC19C6 /* Pods */ = {
			isa = PBXGroup;
			children = (
				8C0491A4CD73B762DB6BE0E8 /* Pods-YeOrNay.debug.xcconfig */,
				A48DAEDE91DA1809BB50FD53 /* Pods-YeOrNay.release.xcconfig */,
				2DEA1C1F36AD7669F20DB3AA /* Pods-YeOrNay-YeOrNayUITests.debug.xcconfig */,
				7167D3E1A9FE85B0F0906E43 /* Pods-YeOrNay-YeOrNayUITests.release.xcconfig */,
				4D4A4400FEF6D3D2A803CA16 /* Pods-YeOrNayTests.debug.xcconfig */,
				792B3A585F71C84C822AB1EE /* Pods-YeOrNayTests.release.xcconfig */,
			);
			path = Pods;
			sourceTree = "<group>";
		};
/* End PBXGroup section */

/* Begin PBXNativeTarget section */
		6705779C265F46E200701A29 /* YeOrNay */ = {
			isa = PBXNativeTarget;
			buildConfigurationList = 670577C7265F46E400701A29 /* Build configuration list for PBXNativeTarget "YeOrNay" */;
			buildPhases = (
				B04FEBC7BFA7573F3C2CC97F /* [CP] Check Pods Manifest.lock */,
				67057799265F46E200701A29 /* Sources */,
				6705779A265F46E200701A29 /* Frameworks */,
				6705779B265F46E200701A29 /* Resources */,
				BA46F3EA82076CA6E8A51BAE /* [CP] Embed Pods Frameworks */,
			);
			buildRules = (
			);
			dependencies = (
			);
			name = YeOrNay;
			packageProductDependencies = (
				671F7E7F26670F4500B7D4EE /* LoremSwiftum */,
			);
			productName = YeOrNay;
			productReference = 6705779D265F46E200701A29 /* YeOrNay.app */;
			productType = "com.apple.product-type.application";
		};
		670577B2265F46E400701A29 /* YeOrNayTests */ = {
			isa = PBXNativeTarget;
			buildConfigurationList = 670577CA265F46E400701A29 /* Build configuration list for PBXNativeTarget "YeOrNayTests" */;
			buildPhases = (
				B7508CF67C68D3ED68E4E795 /* [CP] Check Pods Manifest.lock */,
				670577AF265F46E400701A29 /* Sources */,
				670577B0265F46E400701A29 /* Frameworks */,
				670577B1265F46E400701A29 /* Resources */,
			);
			buildRules = (
			);
			dependencies = (
				670577B5265F46E400701A29 /* PBXTargetDependency */,
			);
			name = YeOrNayTests;
			productName = YeOrNayTests;
			productReference = 670577B3265F46E400701A29 /* YeOrNayTests.xctest */;
			productType = "com.apple.product-type.bundle.unit-test";
		};
		670577BD265F46E400701A29 /* YeOrNayUITests */ = {
			isa = PBXNativeTarget;
			buildConfigurationList = 670577CD265F46E400701A29 /* Build configuration list for PBXNativeTarget "YeOrNayUITests" */;
			buildPhases = (
				DD12BD80EEFE119DF1010361 /* [CP] Check Pods Manifest.lock */,
				670577BA265F46E400701A29 /* Sources */,
				670577BB265F46E400701A29 /* Frameworks */,
				670577BC265F46E400701A29 /* Resources */,
				D6981E45F24B55600F85AAD7 /* [CP] Embed Pods Frameworks */,
			);
			buildRules = (
			);
			dependencies = (
				670577C0265F46E400701A29 /* PBXTargetDependency */,
			);
			name = YeOrNayUITests;
			productName = YeOrNayUITests;
			productReference = 670577BE265F46E400701A29 /* YeOrNayUITests.xctest */;
			productType = "com.apple.product-type.bundle.ui-testing";
		};
/* End PBXNativeTarget section */

/* Begin PBXProject section */
		67057795265F46E200701A29 /* Project object */ = {
			isa = PBXProject;
			attributes = {
				LastSwiftUpdateCheck = 1230;
				LastUpgradeCheck = 1230;
				TargetAttributes = {
					6705779C265F46E200701A29 = {
						CreatedOnToolsVersion = 12.3;
					};
					670577B2265F46E400701A29 = {
						CreatedOnToolsVersion = 12.3;
						TestTargetID = 6705779C265F46E200701A29;
					};
					670577BD265F46E400701A29 = {
						CreatedOnToolsVersion = 12.3;
						TestTargetID = 6705779C265F46E200701A29;
					};
				};
			};
			buildConfigurationList = 67057798265F46E200701A29 /* Build configuration list for PBXProject "YeOrNay" */;
			compatibilityVersion = "Xcode 9.3";
			developmentRegion = en;
			hasScannedForEncodings = 0;
			knownRegions = (
				en,
				Base,
			);
			mainGroup = 67057794265F46E200701A29;
			packageReferences = (
				671F7E7E26670F4500B7D4EE /* XCRemoteSwiftPackageReference "LoremSwiftum" */,
			);
			productRefGroup = 6705779E265F46E200701A29 /* Products */;
			projectDirPath = "";
			projectRoot = "";
			targets = (
				6705779C265F46E200701A29 /* YeOrNay */,
				670577B2265F46E400701A29 /* YeOrNayTests */,
				670577BD265F46E400701A29 /* YeOrNayUITests */,
			);
		};
/* End PBXProject section */

/* Begin PBXResourcesBuildPhase section */
		6705779B265F46E200701A29 /* Resources */ = {
			isa = PBXResourcesBuildPhase;
			buildActionMask = 2147483647;
			files = (
				6736769326892BB80098F7A3 /* yeBGVid.mp4 in Resources */,
				671C5C46269FA32F0099455C /* GoogleService-Info.plist in Resources */,
				6780CE3B269F8C1400F86319 /* artem.mp4 in Resources */,
				670577AD265F46E400701A29 /* LaunchScreen.storyboard in Resources */,
				671F7E7A2665632500B7D4EE /* Aquino-Demo.ttf in Resources */,
				67FF955326608E5C009175FA /* stretchMyHands.mp3 in Resources */,
				670577AA265F46E400701A29 /* Assets.xcassets in Resources */,
				670577A8265F46E200701A29 /* Main.storyboard in Resources */,
			);
			runOnlyForDeploymentPostprocessing = 0;
		};
		670577B1265F46E400701A29 /* Resources */ = {
			isa = PBXResourcesBuildPhase;
			buildActionMask = 2147483647;
			files = (
			);
			runOnlyForDeploymentPostprocessing = 0;
		};
		670577BC265F46E400701A29 /* Resources */ = {
			isa = PBXResourcesBuildPhase;
			buildActionMask = 2147483647;
			files = (
			);
			runOnlyForDeploymentPostprocessing = 0;
		};
/* End PBXResourcesBuildPhase section */

/* Begin PBXShellScriptBuildPhase section */
		B04FEBC7BFA7573F3C2CC97F /* [CP] Check Pods Manifest.lock */ = {
			isa = PBXShellScriptBuildPhase;
			buildActionMask = 2147483647;
			files = (
			);
			inputFileListPaths = (
			);
			inputPaths = (
				"${PODS_PODFILE_DIR_PATH}/Podfile.lock",
				"${PODS_ROOT}/Manifest.lock",
			);
			name = "[CP] Check Pods Manifest.lock";
			outputFileListPaths = (
			);
			outputPaths = (
				"$(DERIVED_FILE_DIR)/Pods-YeOrNay-checkManifestLockResult.txt",
			);
			runOnlyForDeploymentPostprocessing = 0;
			shellPath = /bin/sh;
			shellScript = "diff \"${PODS_PODFILE_DIR_PATH}/Podfile.lock\" \"${PODS_ROOT}/Manifest.lock\" > /dev/null\nif [ $? != 0 ] ; then\n    # print error to STDERR\n    echo \"error: The sandbox is not in sync with the Podfile.lock. Run 'pod install' or update your CocoaPods installation.\" >&2\n    exit 1\nfi\n# This output is used by Xcode 'outputs' to avoid re-running this script phase.\necho \"SUCCESS\" > \"${SCRIPT_OUTPUT_FILE_0}\"\n";
			showEnvVarsInLog = 0;
		};
		B7508CF67C68D3ED68E4E795 /* [CP] Check Pods Manifest.lock */ = {
			isa = PBXShellScriptBuildPhase;
			buildActionMask = 2147483647;
			files = (
			);
			inputFileListPaths = (
			);
			inputPaths = (
				"${PODS_PODFILE_DIR_PATH}/Podfile.lock",
				"${PODS_ROOT}/Manifest.lock",
			);
			name = "[CP] Check Pods Manifest.lock";
			outputFileListPaths = (
			);
			outputPaths = (
				"$(DERIVED_FILE_DIR)/Pods-YeOrNayTests-checkManifestLockResult.txt",
			);
			runOnlyForDeploymentPostprocessing = 0;
			shellPath = /bin/sh;
			shellScript = "diff \"${PODS_PODFILE_DIR_PATH}/Podfile.lock\" \"${PODS_ROOT}/Manifest.lock\" > /dev/null\nif [ $? != 0 ] ; then\n    # print error to STDERR\n    echo \"error: The sandbox is not in sync with the Podfile.lock. Run 'pod install' or update your CocoaPods installation.\" >&2\n    exit 1\nfi\n# This output is used by Xcode 'outputs' to avoid re-running this script phase.\necho \"SUCCESS\" > \"${SCRIPT_OUTPUT_FILE_0}\"\n";
			showEnvVarsInLog = 0;
		};
		BA46F3EA82076CA6E8A51BAE /* [CP] Embed Pods Frameworks */ = {
			isa = PBXShellScriptBuildPhase;
			buildActionMask = 2147483647;
			files = (
			);
			inputFileListPaths = (
				"${PODS_ROOT}/Target Support Files/Pods-YeOrNay/Pods-YeOrNay-frameworks-${CONFIGURATION}-input-files.xcfilelist",
			);
			name = "[CP] Embed Pods Frameworks";
			outputFileListPaths = (
				"${PODS_ROOT}/Target Support Files/Pods-YeOrNay/Pods-YeOrNay-frameworks-${CONFIGURATION}-output-files.xcfilelist",
			);
			runOnlyForDeploymentPostprocessing = 0;
			shellPath = /bin/sh;
			shellScript = "\"${PODS_ROOT}/Target Support Files/Pods-YeOrNay/Pods-YeOrNay-frameworks.sh\"\n";
			showEnvVarsInLog = 0;
		};
		D6981E45F24B55600F85AAD7 /* [CP] Embed Pods Frameworks */ = {
			isa = PBXShellScriptBuildPhase;
			buildActionMask = 2147483647;
			files = (
			);
			inputFileListPaths = (
				"${PODS_ROOT}/Target Support Files/Pods-YeOrNay-YeOrNayUITests/Pods-YeOrNay-YeOrNayUITests-frameworks-${CONFIGURATION}-input-files.xcfilelist",
			);
			name = "[CP] Embed Pods Frameworks";
			outputFileListPaths = (
				"${PODS_ROOT}/Target Support Files/Pods-YeOrNay-YeOrNayUITests/Pods-YeOrNay-YeOrNayUITests-frameworks-${CONFIGURATION}-output-files.xcfilelist",
			);
			runOnlyForDeploymentPostprocessing = 0;
			shellPath = /bin/sh;
			shellScript = "\"${PODS_ROOT}/Target Support Files/Pods-YeOrNay-YeOrNayUITests/Pods-YeOrNay-YeOrNayUITests-frameworks.sh\"\n";
			showEnvVarsInLog = 0;
		};
		DD12BD80EEFE119DF1010361 /* [CP] Check Pods Manifest.lock */ = {
			isa = PBXShellScriptBuildPhase;
			buildActionMask = 2147483647;
			files = (
			);
			inputFileListPaths = (
			);
			inputPaths = (
				"${PODS_PODFILE_DIR_PATH}/Podfile.lock",
				"${PODS_ROOT}/Manifest.lock",
			);
			name = "[CP] Check Pods Manifest.lock";
			outputFileListPaths = (
			);
			outputPaths = (
				"$(DERIVED_FILE_DIR)/Pods-YeOrNay-YeOrNayUITests-checkManifestLockResult.txt",
			);
			runOnlyForDeploymentPostprocessing = 0;
			shellPath = /bin/sh;
			shellScript = "diff \"${PODS_PODFILE_DIR_PATH}/Podfile.lock\" \"${PODS_ROOT}/Manifest.lock\" > /dev/null\nif [ $? != 0 ] ; then\n    # print error to STDERR\n    echo \"error: The sandbox is not in sync with the Podfile.lock. Run 'pod install' or update your CocoaPods installation.\" >&2\n    exit 1\nfi\n# This output is used by Xcode 'outputs' to avoid re-running this script phase.\necho \"SUCCESS\" > \"${SCRIPT_OUTPUT_FILE_0}\"\n";
			showEnvVarsInLog = 0;
		};
/* End PBXShellScriptBuildPhase section */

/* Begin PBXSourcesBuildPhase section */
		67057799265F46E200701A29 /* Sources */ = {
			isa = PBXSourcesBuildPhase;
			buildActionMask = 2147483647;
			files = (
				670577A5265F46E200701A29 /* ViewController.swift in Sources */,
				67A010AC268E72E400D02858 /* AccountViewController.swift in Sources */,
				670577A1265F46E200701A29 /* AppDelegate.swift in Sources */,
				670577A3265F46E200701A29 /* SceneDelegate.swift in Sources */,
				6760824C26A5049E001240C9 /* LeaderboardVC.swift in Sources */,
				67A010B8268E7AEF00D02858 /* AccountCreateViewController.swift in Sources */,
				67A010BD268E7AFF00D02858 /* AccountLoginViewController.swift in Sources */,
				6780CE2E269E477400F86319 /* Utilities.swift in Sources */,
				671F7E75266560FE00B7D4EE /* gameBoardVC.swift in Sources */,
				6780CE36269E478400F86319 /* Constants.swift in Sources */,
			);
			runOnlyForDeploymentPostprocessing = 0;
		};
		670577AF265F46E400701A29 /* Sources */ = {
			isa = PBXSourcesBuildPhase;
			buildActionMask = 2147483647;
			files = (
				670577B8265F46E400701A29 /* YeOrNayTests.swift in Sources */,
			);
			runOnlyForDeploymentPostprocessing = 0;
		};
		670577BA265F46E400701A29 /* Sources */ = {
			isa = PBXSourcesBuildPhase;
			buildActionMask = 2147483647;
			files = (
				670577C3265F46E400701A29 /* YeOrNayUITests.swift in Sources */,
			);
			runOnlyForDeploymentPostprocessing = 0;
		};
/* End PBXSourcesBuildPhase section */

/* Begin PBXTargetDependency section */
		670577B5265F46E400701A29 /* PBXTargetDependency */ = {
			isa = PBXTargetDependency;
			target = 6705779C265F46E200701A29 /* YeOrNay */;
			targetProxy = 670577B4265F46E400701A29 /* PBXContainerItemProxy */;
		};
		670577C0265F46E400701A29 /* PBXTargetDependency */ = {
			isa = PBXTargetDependency;
			target = 6705779C265F46E200701A29 /* YeOrNay */;
			targetProxy = 670577BF265F46E400701A29 /* PBXContainerItemProxy */;
		};
/* End PBXTargetDependency section */

/* Begin PBXVariantGroup section */
		670577A6265F46E200701A29 /* Main.storyboard */ = {
			isa = PBXVariantGroup;
			children = (
				670577A7265F46E200701A29 /* Base */,
			);
			name = Main.storyboard;
			sourceTree = "<group>";
		};
		670577AB265F46E400701A29 /* LaunchScreen.storyboard */ = {
			isa = PBXVariantGroup;
			children = (
				670577AC265F46E400701A29 /* Base */,
			);
			name = LaunchScreen.storyboard;
			sourceTree = "<group>";
		};
/* End PBXVariantGroup section */

/* Begin XCBuildConfiguration section */
		670577C5265F46E400701A29 /* Debug */ = {
			isa = XCBuildConfiguration;
			buildSettings = {
				ALWAYS_SEARCH_USER_PATHS = NO;
				CLANG_ANALYZER_NONNULL = YES;
				CLANG_ANALYZER_NUMBER_OBJECT_CONVERSION = YES_AGGRESSIVE;
				CLANG_CXX_LANGUAGE_STANDARD = "gnu++14";
				CLANG_CXX_LIBRARY = "libc++";
				CLANG_ENABLE_MODULES = YES;
				CLANG_ENABLE_OBJC_ARC = YES;
				CLANG_ENABLE_OBJC_WEAK = YES;
				CLANG_WARN_BLOCK_CAPTURE_AUTORELEASING = YES;
				CLANG_WARN_BOOL_CONVERSION = YES;
				CLANG_WARN_COMMA = YES;
				CLANG_WARN_CONSTANT_CONVERSION = YES;
				CLANG_WARN_DEPRECATED_OBJC_IMPLEMENTATIONS = YES;
				CLANG_WARN_DIRECT_OBJC_ISA_USAGE = YES_ERROR;
				CLANG_WARN_DOCUMENTATION_COMMENTS = YES;
				CLANG_WARN_EMPTY_BODY = YES;
				CLANG_WARN_ENUM_CONVERSION = YES;
				CLANG_WARN_INFINITE_RECURSION = YES;
				CLANG_WARN_INT_CONVERSION = YES;
				CLANG_WARN_NON_LITERAL_NULL_CONVERSION = YES;
				CLANG_WARN_OBJC_IMPLICIT_RETAIN_SELF = YES;
				CLANG_WARN_OBJC_LITERAL_CONVERSION = YES;
				CLANG_WARN_OBJC_ROOT_CLASS = YES_ERROR;
				CLANG_WARN_QUOTED_INCLUDE_IN_FRAMEWORK_HEADER = YES;
				CLANG_WARN_RANGE_LOOP_ANALYSIS = YES;
				CLANG_WARN_STRICT_PROTOTYPES = YES;
				CLANG_WARN_SUSPICIOUS_MOVE = YES;
				CLANG_WARN_UNGUARDED_AVAILABILITY = YES_AGGRESSIVE;
				CLANG_WARN_UNREACHABLE_CODE = YES;
				CLANG_WARN__DUPLICATE_METHOD_MATCH = YES;
				COPY_PHASE_STRIP = NO;
				DEBUG_INFORMATION_FORMAT = dwarf;
				ENABLE_STRICT_OBJC_MSGSEND = YES;
				ENABLE_TESTABILITY = YES;
				GCC_C_LANGUAGE_STANDARD = gnu11;
				GCC_DYNAMIC_NO_PIC = NO;
				GCC_NO_COMMON_BLOCKS = YES;
				GCC_OPTIMIZATION_LEVEL = 0;
				GCC_PREPROCESSOR_DEFINITIONS = (
					"DEBUG=1",
					"$(inherited)",
				);
				GCC_WARN_64_TO_32_BIT_CONVERSION = YES;
				GCC_WARN_ABOUT_RETURN_TYPE = YES_ERROR;
				GCC_WARN_UNDECLARED_SELECTOR = YES;
				GCC_WARN_UNINITIALIZED_AUTOS = YES_AGGRESSIVE;
				GCC_WARN_UNUSED_FUNCTION = YES;
				GCC_WARN_UNUSED_VARIABLE = YES;
				IPHONEOS_DEPLOYMENT_TARGET = 14.3;
				MTL_ENABLE_DEBUG_INFO = INCLUDE_SOURCE;
				MTL_FAST_MATH = YES;
				ONLY_ACTIVE_ARCH = YES;
				SDKROOT = iphoneos;
				SWIFT_ACTIVE_COMPILATION_CONDITIONS = DEBUG;
				SWIFT_OPTIMIZATION_LEVEL = "-Onone";
			};
			name = Debug;
		};
		670577C6265F46E400701A29 /* Release */ = {
			isa = XCBuildConfiguration;
			buildSettings = {
				ALWAYS_SEARCH_USER_PATHS = NO;
				CLANG_ANALYZER_NONNULL = YES;
				CLANG_ANALYZER_NUMBER_OBJECT_CONVERSION = YES_AGGRESSIVE;
				CLANG_CXX_LANGUAGE_STANDARD = "gnu++14";
				CLANG_CXX_LIBRARY = "libc++";
				CLANG_ENABLE_MODULES = YES;
				CLANG_ENABLE_OBJC_ARC = YES;
				CLANG_ENABLE_OBJC_WEAK = YES;
				CLANG_WARN_BLOCK_CAPTURE_AUTORELEASING = YES;
				CLANG_WARN_BOOL_CONVERSION = YES;
				CLANG_WARN_COMMA = YES;
				CLANG_WARN_CONSTANT_CONVERSION = YES;
				CLANG_WARN_DEPRECATED_OBJC_IMPLEMENTATIONS = YES;
				CLANG_WARN_DIRECT_OBJC_ISA_USAGE = YES_ERROR;
				CLANG_WARN_DOCUMENTATION_COMMENTS = YES;
				CLANG_WARN_EMPTY_BODY = YES;
				CLANG_WARN_ENUM_CONVERSION = YES;
				CLANG_WARN_INFINITE_RECURSION = YES;
				CLANG_WARN_INT_CONVERSION = YES;
				CLANG_WARN_NON_LITERAL_NULL_CONVERSION = YES;
				CLANG_WARN_OBJC_IMPLICIT_RETAIN_SELF = YES;
				CLANG_WARN_OBJC_LITERAL_CONVERSION = YES;
				CLANG_WARN_OBJC_ROOT_CLASS = YES_ERROR;
				CLANG_WARN_QUOTED_INCLUDE_IN_FRAMEWORK_HEADER = YES;
				CLANG_WARN_RANGE_LOOP_ANALYSIS = YES;
				CLANG_WARN_STRICT_PROTOTYPES = YES;
				CLANG_WARN_SUSPICIOUS_MOVE = YES;
				CLANG_WARN_UNGUARDED_AVAILABILITY = YES_AGGRESSIVE;
				CLANG_WARN_UNREACHABLE_CODE = YES;
				CLANG_WARN__DUPLICATE_METHOD_MATCH = YES;
				COPY_PHASE_STRIP = NO;
				DEBUG_INFORMATION_FORMAT = "dwarf-with-dsym";
				ENABLE_NS_ASSERTIONS = NO;
				ENABLE_STRICT_OBJC_MSGSEND = YES;
				GCC_C_LANGUAGE_STANDARD = gnu11;
				GCC_NO_COMMON_BLOCKS = YES;
				GCC_WARN_64_TO_32_BIT_CONVERSION = YES;
				GCC_WARN_ABOUT_RETURN_TYPE = YES_ERROR;
				GCC_WARN_UNDECLARED_SELECTOR = YES;
				GCC_WARN_UNINITIALIZED_AUTOS = YES_AGGRESSIVE;
				GCC_WARN_UNUSED_FUNCTION = YES;
				GCC_WARN_UNUSED_VARIABLE = YES;
				IPHONEOS_DEPLOYMENT_TARGET = 14.3;
				MTL_ENABLE_DEBUG_INFO = NO;
				MTL_FAST_MATH = YES;
				SDKROOT = iphoneos;
				SWIFT_COMPILATION_MODE = wholemodule;
				SWIFT_OPTIMIZATION_LEVEL = "-O";
				VALIDATE_PRODUCT = YES;
			};
			name = Release;
		};
		670577C8265F46E400701A29 /* Debug */ = {
			isa = XCBuildConfiguration;
			baseConfigurationReference = 8C0491A4CD73B762DB6BE0E8 /* Pods-YeOrNay.debug.xcconfig */;
			buildSettings = {
				ASSETCATALOG_COMPILER_APPICON_NAME = AppIcon;
				ASSETCATALOG_COMPILER_GLOBAL_ACCENT_COLOR_NAME = AccentColor;
				CODE_SIGN_STYLE = Automatic;
				DEVELOPMENT_TEAM = R5WUR2GT5Y;
				INFOPLIST_FILE = YeOrNay/Info.plist;
				LD_RUNPATH_SEARCH_PATHS = (
					"$(inherited)",
					"@executable_path/Frameworks",
				);
				PRODUCT_BUNDLE_IDENTIFIER = satishbisa.YeOrNay;
				PRODUCT_NAME = "$(TARGET_NAME)";
				SWIFT_VERSION = 5.0;
				TARGETED_DEVICE_FAMILY = "1,2";
			};
			name = Debug;
		};
		670577C9265F46E400701A29 /* Release */ = {
			isa = XCBuildConfiguration;
			baseConfigurationReference = A48DAEDE91DA1809BB50FD53 /* Pods-YeOrNay.release.xcconfig */;
			buildSettings = {
				ASSETCATALOG_COMPILER_APPICON_NAME = AppIcon;
				ASSETCATALOG_COMPILER_GLOBAL_ACCENT_COLOR_NAME = AccentColor;
				CODE_SIGN_STYLE = Automatic;
				DEVELOPMENT_TEAM = R5WUR2GT5Y;
				INFOPLIST_FILE = YeOrNay/Info.plist;
				LD_RUNPATH_SEARCH_PATHS = (
					"$(inherited)",
					"@executable_path/Frameworks",
				);
				PRODUCT_BUNDLE_IDENTIFIER = satishbisa.YeOrNay;
				PRODUCT_NAME = "$(TARGET_NAME)";
				SWIFT_VERSION = 5.0;
				TARGETED_DEVICE_FAMILY = "1,2";
			};
			name = Release;
		};
		670577CB265F46E400701A29 /* Debug */ = {
			isa = XCBuildConfiguration;
			baseConfigurationReference = 4D4A4400FEF6D3D2A803CA16 /* Pods-YeOrNayTests.debug.xcconfig */;
			buildSettings = {
				ALWAYS_EMBED_SWIFT_STANDARD_LIBRARIES = YES;
				BUNDLE_LOADER = "$(TEST_HOST)";
				CODE_SIGN_STYLE = Automatic;
				DEVELOPMENT_TEAM = R5WUR2GT5Y;
				INFOPLIST_FILE = YeOrNayTests/Info.plist;
				IPHONEOS_DEPLOYMENT_TARGET = 14.3;
				LD_RUNPATH_SEARCH_PATHS = (
					"$(inherited)",
					"@executable_path/Frameworks",
					"@loader_path/Frameworks",
				);
				PRODUCT_BUNDLE_IDENTIFIER = satishbisa.YeOrNayTests;
				PRODUCT_NAME = "$(TARGET_NAME)";
				SWIFT_VERSION = 5.0;
				TARGETED_DEVICE_FAMILY = "1,2";
				TEST_HOST = "$(BUILT_PRODUCTS_DIR)/YeOrNay.app/YeOrNay";
			};
			name = Debug;
		};
		670577CC265F46E400701A29 /* Release */ = {
			isa = XCBuildConfiguration;
			baseConfigurationReference = 792B3A585F71C84C822AB1EE /* Pods-YeOrNayTests.release.xcconfig */;
			buildSettings = {
				ALWAYS_EMBED_SWIFT_STANDARD_LIBRARIES = YES;
				BUNDLE_LOADER = "$(TEST_HOST)";
				CODE_SIGN_STYLE = Automatic;
				DEVELOPMENT_TEAM = R5WUR2GT5Y;
				INFOPLIST_FILE = YeOrNayTests/Info.plist;
				IPHONEOS_DEPLOYMENT_TARGET = 14.3;
				LD_RUNPATH_SEARCH_PATHS = (
					"$(inherited)",
					"@executable_path/Frameworks",
					"@loader_path/Frameworks",
				);
				PRODUCT_BUNDLE_IDENTIFIER = satishbisa.YeOrNayTests;
				PRODUCT_NAME = "$(TARGET_NAME)";
				SWIFT_VERSION = 5.0;
				TARGETED_DEVICE_FAMILY = "1,2";
				TEST_HOST = "$(BUILT_PRODUCTS_DIR)/YeOrNay.app/YeOrNay";
			};
			name = Release;
		};
		670577CE265F46E400701A29 /* Debug */ = {
			isa = XCBuildConfiguration;
			baseConfigurationReference = 2DEA1C1F36AD7669F20DB3AA /* Pods-YeOrNay-YeOrNayUITests.debug.xcconfig */;
			buildSettings = {
				ALWAYS_EMBED_SWIFT_STANDARD_LIBRARIES = YES;
				CODE_SIGN_STYLE = Automatic;
				DEVELOPMENT_TEAM = R5WUR2GT5Y;
				INFOPLIST_FILE = YeOrNayUITests/Info.plist;
				LD_RUNPATH_SEARCH_PATHS = (
					"$(inherited)",
					"@executable_path/Frameworks",
					"@loader_path/Frameworks",
				);
				PRODUCT_BUNDLE_IDENTIFIER = satishbisa.YeOrNayUITests;
				PRODUCT_NAME = "$(TARGET_NAME)";
				SWIFT_VERSION = 5.0;
				TARGETED_DEVICE_FAMILY = "1,2";
				TEST_TARGET_NAME = YeOrNay;
			};
			name = Debug;
		};
		670577CF265F46E400701A29 /* Release */ = {
			isa = XCBuildConfiguration;
			baseConfigurationReference = 7167D3E1A9FE85B0F0906E43 /* Pods-YeOrNay-YeOrNayUITests.release.xcconfig */;
			buildSettings = {
				ALWAYS_EMBED_SWIFT_STANDARD_LIBRARIES = YES;
				CODE_SIGN_STYLE = Automatic;
				DEVELOPMENT_TEAM = R5WUR2GT5Y;
				INFOPLIST_FILE = YeOrNayUITests/Info.plist;
				LD_RUNPATH_SEARCH_PATHS = (
					"$(inherited)",
					"@executable_path/Frameworks",
					"@loader_path/Frameworks",
				);
				PRODUCT_BUNDLE_IDENTIFIER = satishbisa.YeOrNayUITests;
				PRODUCT_NAME = "$(TARGET_NAME)";
				SWIFT_VERSION = 5.0;
				TARGETED_DEVICE_FAMILY = "1,2";
				TEST_TARGET_NAME = YeOrNay;
			};
			name = Release;
		};
/* End XCBuildConfiguration section */

/* Begin XCConfigurationList section */
		67057798265F46E200701A29 /* Build configuration list for PBXProject "YeOrNay" */ = {
			isa = XCConfigurationList;
			buildConfigurations = (
				670577C5265F46E400701A29 /* Debug */,
				670577C6265F46E400701A29 /* Release */,
			);
			defaultConfigurationIsVisible = 0;
			defaultConfigurationName = Release;
		};
		670577C7265F46E400701A29 /* Build configuration list for PBXNativeTarget "YeOrNay" */ = {
			isa = XCConfigurationList;
			buildConfigurations = (
				670577C8265F46E400701A29 /* Debug */,
				670577C9265F46E400701A29 /* Release */,
			);
			defaultConfigurationIsVisible = 0;
			defaultConfigurationName = Release;
		};
		670577CA265F46E400701A29 /* Build configuration list for PBXNativeTarget "YeOrNayTests" */ = {
			isa = XCConfigurationList;
			buildConfigurations = (
				670577CB265F46E400701A29 /* Debug */,
				670577CC265F46E400701A29 /* Release */,
			);
			defaultConfigurationIsVisible = 0;
			defaultConfigurationName = Release;
		};
		670577CD265F46E400701A29 /* Build configuration list for PBXNativeTarget "YeOrNayUITests" */ = {
			isa = XCConfigurationList;
			buildConfigurations = (
				670577CE265F46E400701A29 /* Debug */,
				670577CF265F46E400701A29 /* Release */,
			);
			defaultConfigurationIsVisible = 0;
			defaultConfigurationName = Release;
		};
/* End XCConfigurationList section */

/* Begin XCRemoteSwiftPackageReference section */
		671F7E7E26670F4500B7D4EE /* XCRemoteSwiftPackageReference "LoremSwiftum" */ = {
			isa = XCRemoteSwiftPackageReference;
			repositoryURL = "https://github.com/lukaskubanek/LoremSwiftum";
			requirement = {
				kind = upToNextMajorVersion;
				minimumVersion = 2.2.1;
			};
		};
/* End XCRemoteSwiftPackageReference section */

/* Begin XCSwiftPackageProductDependency section */
		671F7E7F26670F4500B7D4EE /* LoremSwiftum */ = {
			isa = XCSwiftPackageProductDependency;
			package = 671F7E7E26670F4500B7D4EE /* XCRemoteSwiftPackageReference "LoremSwiftum" */;
			productName = LoremSwiftum;
		};
/* End XCSwiftPackageProductDependency section */
	};
	rootObject = 67057795265F46E200701A29 /* Project object */;
}
